
Microsoft Visual Studio Solution File, Format Version 12.00
# Visual Studio Version 17
VisualStudioVersion = 17.0.32112.339
MinimumVisualStudioVersion = 10.0.40219.1
Project("{9A19103F-16F7-4668-BE54-9A1E7A4F7556}") = "Task_1", "Task_1.csproj", "{47DC8C47-5341-46F6-9044-61FE6E46510F}"
EndProject
Global
	GlobalSection(SolutionConfigurationPlatforms) = preSolution
		Debug|Any CPU = Debug|Any CPU
		Release|Any CPU = Release|Any CPU
	EndGlobalSection
	GlobalSection(ProjectConfigurationPlatforms) = postSolution
		{47DC8C47-5341-46F6-9044-61FE6E46510F}.Debug|Any CPU.ActiveCfg = Debug|Any CPU
		{47DC8C47-5341-46F6-9044-61FE6E46510F}.Debug|Any CPU.Build.0 = Debug|Any CPU
		{47DC8C47-5341-46F6-9044-61FE6E46510F}.Release|Any CPU.ActiveCfg = Release|Any CPU
		{47DC8C47-5341-46F6-9044-61FE6E46510F}.Release|Any CPU.Build.0 = Release|Any CPU
	EndGlobalSection
	GlobalSection(SolutionProperties) = preSolution
		HideSolutionNode = FALSE
	EndGlobalSection
	GlobalSection(ExtensibilityGlobals) = postSolution
		SolutionGuid = {E6989118-F7B9-4763-806A-732D462BDF86}
	EndGlobalSection
EndGlobal
